#MicroXplorer Configuration settings - do not modify
#Thu Jul 17 01:42:17 BST 2014
ADC1.Channel-2\#ChannelRegularConversion=ADC_CHANNEL_10
ADC1.Channel-3\#ChannelRegularConversion=ADC_CHANNEL_11
ADC1.Channel-4\#ChannelRegularConversion=ADC_CHANNEL_12
ADC1.Channel-5\#ChannelRegularConversion=ADC_CHANNEL_13
ADC1.ContinuousConvMode=ENABLE
ADC1.DMAContinuousRequests=ENABLE
ADC1.EOCSelection=EOC_SEQ_CONV
ADC1.ExternalTrigConvEdge=ADC_EXTERNALTRIGCONVEDGE_NONE
ADC1.IPParameters=NbrOfDiscConversion,NbrOfConversion,ScanConvMode,Rank-5\#ChannelRegularConversion,DMAContinuousRequests,Channel-2\#ChannelRegularConversion,ExternalTrigConvEdge,EOCSelection,master,Rank-3\#ChannelRegularConversion,NbrOfConversionFlag,ContinuousConvMode,Channel-5\#ChannelRegularConversion,Channel-3\#ChannelRegularConversion,InjNumberOfConversion,Channel-4\#ChannelRegularConversion,Rank-4\#ChannelRegularConversion
ADC1.InjNumberOfConversion=0
ADC1.NbrOfConversion=4
ADC1.NbrOfConversionFlag=1
ADC1.NbrOfDiscConversion=1
ADC1.Rank-3\#ChannelRegularConversion=2
ADC1.Rank-4\#ChannelRegularConversion=3
ADC1.Rank-5\#ChannelRegularConversion=4
ADC1.ScanConvMode=DISABLE
ADC1.master=1
Dma.ADC1.0.Channel=DMA_CHANNEL_0
Dma.ADC1.0.Direction=DMA_PERIPH_TO_MEMORY
Dma.ADC1.0.FIFOMode=DMA_FIFOMODE_DISABLE
Dma.ADC1.0.Instance=DMA2_Stream0
Dma.ADC1.0.MemDataAlignment=DMA_MDATAALIGN_HALFWORD
Dma.ADC1.0.MemInc=DMA_MINC_ENABLE
Dma.ADC1.0.Mode=DMA_CIRCULAR
Dma.ADC1.0.PeriphDataAlignment=DMA_PDATAALIGN_HALFWORD
Dma.ADC1.0.PeriphInc=DMA_PINC_DISABLE
Dma.ADC1.0.Priority=DMA_PRIORITY_HIGH
Dma.ADC1.0.RequestParameters=Instance,Channel,Direction,PeriphInc,MemInc,PeriphDataAlignment,MemDataAlignment,Mode,Priority,FIFOMode
Dma.Request0=ADC1
Dma.RequestsNb=1
File.Version=4
I2C1.DualAddressMode=I2C_DUALADDRESS_DISABLED
I2C1.IPParameters=DualAddressMode
IWDG.IPParameters=Reload
IWDG.Reload=2047
KeepUserPlacement=false
Mcu.Family=STM32F4
Mcu.IP0=ADC1
Mcu.IP1=DMA
Mcu.IP10=TIM11
Mcu.IP11=TIM13
Mcu.IP12=TIM14
Mcu.IP13=USART1
Mcu.IP2=I2C1
Mcu.IP3=IWDG
Mcu.IP4=NVIC
Mcu.IP5=RCC
Mcu.IP6=TIM2
Mcu.IP7=TIM3
Mcu.IP8=TIM4
Mcu.IP9=TIM10
Mcu.IPNb=14
Mcu.Name=STM32F405RGTx
Mcu.Package=LQFP64
Mcu.Pin0=PH0-OSC_IN
Mcu.Pin1=PH1-OSC_OUT
Mcu.Pin10=PA4
Mcu.Pin11=PA5
Mcu.Pin12=PA6
Mcu.Pin13=PA7
Mcu.Pin14=PB12
Mcu.Pin15=PB13
Mcu.Pin16=PB14
Mcu.Pin17=PB15
Mcu.Pin18=PC6
Mcu.Pin19=PC7
Mcu.Pin2=PC0
Mcu.Pin20=PC8
Mcu.Pin21=PC9
Mcu.Pin22=PB6
Mcu.Pin23=PB7
Mcu.Pin24=PB8
Mcu.Pin25=PB9
Mcu.Pin26=VP_IWDG_VS_IWDG
Mcu.Pin27=VP_TIM2_VS_ClockSourceINT
Mcu.Pin28=VP_TIM3_VS_ClockSourceINT
Mcu.Pin29=VP_TIM4_VS_ClockSourceINT
Mcu.Pin3=PC1
Mcu.Pin30=VP_TIM10_VS_ClockSourceINT
Mcu.Pin31=VP_TIM11_VS_ClockSourceINT
Mcu.Pin32=VP_TIM13_VS_ClockSourceINT
Mcu.Pin33=VP_TIM14_VS_ClockSourceINT
Mcu.Pin4=PC2
Mcu.Pin5=PC3
Mcu.Pin6=PA0-WKUP
Mcu.Pin7=PA1
Mcu.Pin8=PA2
Mcu.Pin9=PA3
Mcu.PinsNb=34
Mcu.UserName=STM32F405RGTx
NVIC.ADC_IRQn=true\:0\:0
NVIC.EXTI0_IRQn=true\:0\:0
NVIC.EXTI1_IRQn=true\:0\:0
NVIC.EXTI2_IRQn=true\:0\:0
NVIC.EXTI3_IRQn=true\:0\:0
NVIC.EXTI4_IRQn=true\:0\:0
NVIC.EXTI9_5_IRQn=true\:0\:0
NVIC.I2C1_ER_IRQn=true\:0\:0
NVIC.PriorityGroup=NVIC_PRIORITYGROUP_0
NVIC.SysTick_IRQn=true\:0\:0
NVIC.TIM1_TRG_COM_TIM11_IRQn=true\:0\:0
NVIC.TIM1_UP_TIM10_IRQn=true\:0\:0
NVIC.TIM2_IRQn=true\:0\:0
NVIC.TIM3_IRQn=true\:0\:0
NVIC.TIM4_IRQn=true\:0\:0
NVIC.TIM8_TRG_COM_TIM14_IRQn=true\:0\:0
NVIC.TIM8_UP_TIM13_IRQn=true\:0\:0
NVIC.USART1_IRQn=true\:0\:0
PA0-WKUP.GPIOParameters=GPIO_Label,GPIO_ModeDefaultEXTI,GPIO_PuPd
PA0-WKUP.GPIO_Label=REC1PIN
PA0-WKUP.GPIO_ModeDefaultEXTI=GPIO_MODE_EVT_RISING
PA0-WKUP.GPIO_PuPd=GPIO_NOPULL
PA0-WKUP.Locked=true
PA0-WKUP.Signal=GPXTI0
PA1.GPIOParameters=GPIO_Label,GPIO_ModeDefaultEXTI,GPIO_PuPd
PA1.GPIO_Label=REC2PIN
PA1.GPIO_ModeDefaultEXTI=GPIO_MODE_EVT_RISING
PA1.GPIO_PuPd=GPIO_NOPULL
PA1.Locked=true
PA1.Signal=GPXTI1
PA2.GPIOParameters=GPIO_Label,GPIO_ModeDefaultEXTI,GPIO_PuPd
PA2.GPIO_Label=REC3PIN
PA2.GPIO_ModeDefaultEXTI=GPIO_MODE_EVT_RISING
PA2.GPIO_PuPd=GPIO_NOPULL
PA2.Locked=true
PA2.Signal=GPXTI2
PA3.GPIOParameters=GPIO_Label,GPIO_ModeDefaultEXTI,GPIO_PuPd
PA3.GPIO_Label=REC4PIN
PA3.GPIO_ModeDefaultEXTI=GPIO_MODE_EVT_RISING
PA3.GPIO_PuPd=GPIO_NOPULL
PA3.Locked=true
PA3.Signal=GPXTI3
PA4.GPIOParameters=GPIO_Label,GPIO_ModeDefaultEXTI,GPIO_PuPd
PA4.GPIO_Label=FB1PIN
PA4.GPIO_ModeDefaultEXTI=GPIO_MODE_EVT_RISING
PA4.GPIO_PuPd=GPIO_NOPULL
PA4.Locked=true
PA4.Signal=GPXTI4
PA5.GPIOParameters=GPIO_Label,GPIO_ModeDefaultEXTI,GPIO_PuPd
PA5.GPIO_Label=FB2PIN
PA5.GPIO_ModeDefaultEXTI=GPIO_MODE_EVT_RISING
PA5.GPIO_PuPd=GPIO_NOPULL
PA5.Locked=true
PA5.Signal=GPXTI5
PA6.GPIOParameters=GPIO_Label,GPIO_ModeDefaultEXTI,GPIO_PuPd
PA6.GPIO_Label=FB3PIN
PA6.GPIO_ModeDefaultEXTI=GPIO_MODE_EVT_RISING
PA6.GPIO_PuPd=GPIO_NOPULL
PA6.Locked=true
PA6.Signal=GPXTI6
PA7.GPIOParameters=GPIO_Label,GPIO_ModeDefaultEXTI,GPIO_PuPd
PA7.GPIO_Label=FB4PIN
PA7.GPIO_ModeDefaultEXTI=GPIO_MODE_EVT_RISING
PA7.GPIO_PuPd=GPIO_NOPULL
PA7.Locked=true
PA7.Signal=GPXTI7
PB12.GPIOParameters=GPIO_Label,GPIO_ModeDefaultOutputPP,GPIO_Speed,GPIO_PuPd
PB12.GPIO_Label=AUX1PIN
PB12.GPIO_ModeDefaultOutputPP=GPIO_MODE_OUTPUT_PP
PB12.GPIO_PuPd=GPIO_NOPULL
PB12.GPIO_Speed=GPIO_SPEED_LOW
PB12.Locked=true
PB12.Signal=GPIO_Output
PB13.GPIOParameters=GPIO_Label,GPIO_ModeDefaultOutputPP,GPIO_Speed,GPIO_PuPd
PB13.GPIO_Label=AUX2PIN
PB13.GPIO_ModeDefaultOutputPP=GPIO_MODE_OUTPUT_PP
PB13.GPIO_PuPd=GPIO_NOPULL
PB13.GPIO_Speed=GPIO_SPEED_LOW
PB13.Locked=true
PB13.Signal=GPIO_Output
PB14.GPIOParameters=GPIO_Label,GPIO_ModeDefaultOutputPP,GPIO_Speed,GPIO_PuPd
PB14.GPIO_Label=AUX3PIN
PB14.GPIO_ModeDefaultOutputPP=GPIO_MODE_OUTPUT_PP
PB14.GPIO_PuPd=GPIO_NOPULL
PB14.GPIO_Speed=GPIO_SPEED_LOW
PB14.Locked=true
PB14.Signal=GPIO_Output
PB15.GPIOParameters=GPIO_Label,GPIO_ModeDefaultOutputPP,GPIO_Speed,GPIO_PuPd
PB15.GPIO_Label=AUX4PIN
PB15.GPIO_ModeDefaultOutputPP=GPIO_MODE_OUTPUT_PP
PB15.GPIO_PuPd=GPIO_NOPULL
PB15.GPIO_Speed=GPIO_SPEED_LOW
PB15.Locked=true
PB15.Signal=GPIO_Output
PB6.GPIOParameters=GPIO_Label,GPIO_Speed,GPIO_PuPd,GPIO_Mode
PB6.GPIO_Label=TXPIN
PB6.GPIO_Mode=GPIO_MODE_AF_PP
PB6.GPIO_PuPd=GPIO_NOPULL
PB6.GPIO_Speed=GPIO_SPEED_LOW
PB6.Locked=true
PB6.Mode=Asynchronous
PB6.Signal=USART1_TX
PB7.GPIOParameters=GPIO_Label,GPIO_Speed,GPIO_PuPd,GPIO_Mode
PB7.GPIO_Label=RXPIN
PB7.GPIO_Mode=GPIO_MODE_AF_PP
PB7.GPIO_PuPd=GPIO_NOPULL
PB7.GPIO_Speed=GPIO_SPEED_LOW
PB7.Locked=true
PB7.Mode=Asynchronous
PB7.Signal=USART1_RX
PB8.GPIOParameters=GPIO_Label,GPIO_Speed,GPIO_PuPd,GPIO_Mode
PB8.GPIO_Label=SCLPIN
PB8.GPIO_Mode=GPIO_MODE_AF_OD
PB8.GPIO_PuPd=GPIO_NOPULL
PB8.GPIO_Speed=GPIO_SPEED_LOW
PB8.Locked=true
PB8.Mode=I2C
PB8.Signal=I2C1_SCL
PB9.GPIOParameters=GPIO_Label,GPIO_Speed,GPIO_PuPd,GPIO_Mode
PB9.GPIO_Label=SDAPIN
PB9.GPIO_Mode=GPIO_MODE_AF_OD
PB9.GPIO_PuPd=GPIO_NOPULL
PB9.GPIO_Speed=GPIO_SPEED_LOW
PB9.Locked=true
PB9.Mode=I2C
PB9.Signal=I2C1_SDA
PC0.GPIOParameters=GPIO_Label,GPIO_PuPd,GPIO_Mode
PC0.GPIO_Label=ANA1PIN
PC0.GPIO_Mode=GPIO_MODE_ANALOG
PC0.GPIO_PuPd=GPIO_NOPULL
PC0.Locked=true
PC0.Signal=ADCx_IN10
PC1.GPIOParameters=GPIO_Label,GPIO_PuPd,GPIO_Mode
PC1.GPIO_Label=AN2APIN
PC1.GPIO_Mode=GPIO_MODE_ANALOG
PC1.GPIO_PuPd=GPIO_NOPULL
PC1.Locked=true
PC1.Signal=ADCx_IN11
PC2.GPIOParameters=GPIO_Label,GPIO_PuPd,GPIO_Mode
PC2.GPIO_Label=AN3APIN
PC2.GPIO_Mode=GPIO_MODE_ANALOG
PC2.GPIO_PuPd=GPIO_NOPULL
PC2.Locked=true
PC2.Signal=ADCx_IN12
PC3.GPIOParameters=GPIO_Label,GPIO_PuPd,GPIO_Mode
PC3.GPIO_Label=AN4APIN
PC3.GPIO_Mode=GPIO_MODE_ANALOG
PC3.GPIO_PuPd=GPIO_NOPULL
PC3.Locked=true
PC3.Signal=ADCx_IN13
PC6.GPIOParameters=GPIO_Label,GPIO_ModeDefaultOutputPP,GPIO_Speed,GPIO_PuPd
PC6.GPIO_Label=MOTOR1PIN
PC6.GPIO_ModeDefaultOutputPP=GPIO_MODE_OUTPUT_PP
PC6.GPIO_PuPd=GPIO_NOPULL
PC6.GPIO_Speed=GPIO_SPEED_LOW
PC6.Locked=true
PC6.Signal=GPIO_Output
PC7.GPIOParameters=GPIO_Label,GPIO_ModeDefaultOutputPP,GPIO_Speed,GPIO_PuPd
PC7.GPIO_Label=MOTOR2PIN
PC7.GPIO_ModeDefaultOutputPP=GPIO_MODE_OUTPUT_PP
PC7.GPIO_PuPd=GPIO_NOPULL
PC7.GPIO_Speed=GPIO_SPEED_LOW
PC7.Locked=true
PC7.Signal=GPIO_Output
PC8.GPIOParameters=GPIO_Label,GPIO_ModeDefaultOutputPP,GPIO_Speed,GPIO_PuPd
PC8.GPIO_Label=MOTOR3PIN
PC8.GPIO_ModeDefaultOutputPP=GPIO_MODE_OUTPUT_PP
PC8.GPIO_PuPd=GPIO_NOPULL
PC8.GPIO_Speed=GPIO_SPEED_LOW
PC8.Locked=true
PC8.Signal=GPIO_Output
PC9.GPIOParameters=GPIO_Label,GPIO_ModeDefaultOutputPP,GPIO_Speed,GPIO_PuPd
PC9.GPIO_Label=MOTOR4PIN
PC9.GPIO_ModeDefaultOutputPP=GPIO_MODE_OUTPUT_PP
PC9.GPIO_PuPd=GPIO_NOPULL
PC9.GPIO_Speed=GPIO_SPEED_LOW
PC9.Locked=true
PC9.Signal=GPIO_Output
PCC.Family=STM32F4
PCC.MCU=STM32F405RGTx
PCC.MXVersion=4.3.0
PCC.PartNumber=STM32F405RGTx
PCC.Seq0=0
PCC.SubFamily=STM32F405/415
PCC.Temperature=25
PCC.Vdd=3.3
PH0-OSC_IN.Mode=HSE-External-Oscillator
PH0-OSC_IN.Signal=RCC_OSC_IN
PH1-OSC_OUT.Mode=HSE-External-Oscillator
PH1-OSC_OUT.Signal=RCC_OSC_OUT
ProjectManager.AskForMigrate=true
ProjectManager.BackupPrevious=false
ProjectManager.CompilerOptimize=2
ProjectManager.ComputerToolchain=false
ProjectManager.CoupleFile=false
ProjectManager.DeletePrevious=true
ProjectManager.DeviceId=STM32F405RGTx
ProjectManager.FirmwarePackage=STM32Cube FW_F4 V1.3.0
ProjectManager.FreePins=false
ProjectManager.HalAssertFull=false
ProjectManager.KeepUserCode=true
ProjectManager.LastFirmware=true
ProjectManager.LibraryCopy=1
ProjectManager.ProjectBuild=false
ProjectManager.ProjectFileName=AelithController.ioc
ProjectManager.ProjectName=AelithController
ProjectManager.TargetToolchain=TrueSTUDIO 4.3.1
RCC.APB1CLKDivider=RCC_HCLK_DIV4
RCC.APB2CLKDivider=RCC_HCLK_DIV2
RCC.FamilyName=M
RCC.HSE_VALUE=8000000
RCC.HSI_VALUE=16000000
RCC.IPParameters=,FamilyName,APB2CLKDivider,LSE_VALUE,SYSCLKSource,APB1CLKDivider,PLLN,HSE_VALUE,PLLM,HSI_VALUE,PLLSource,LSI_VALUE
RCC.LSE_VALUE=32768
RCC.LSI_VALUE=32000
RCC.PLLM=8
RCC.PLLN=336
RCC.PLLSource=RCC_PLLSOURCE_HSE
RCC.SYSCLKSource=RCC_SYSCLKSOURCE_PLLCLK
SH.ADCx_IN10.0=ADC1_IN10,IN10
SH.ADCx_IN10.ConfNb=1
SH.ADCx_IN11.0=ADC1_IN11,IN11
SH.ADCx_IN11.ConfNb=1
SH.ADCx_IN12.0=ADC1_IN12,IN12
SH.ADCx_IN12.ConfNb=1
SH.ADCx_IN13.0=ADC1_IN13,IN13
SH.ADCx_IN13.ConfNb=1
SH.GPXTI0.0=GPIO_EXTI0
SH.GPXTI0.ConfNb=1
SH.GPXTI1.0=GPIO_EXTI1
SH.GPXTI1.ConfNb=1
SH.GPXTI2.0=GPIO_EXTI2
SH.GPXTI2.ConfNb=1
SH.GPXTI3.0=GPIO_EXTI3
SH.GPXTI3.ConfNb=1
SH.GPXTI4.0=GPIO_EXTI4
SH.GPXTI4.ConfNb=1
SH.GPXTI5.0=GPIO_EXTI5
SH.GPXTI5.ConfNb=1
SH.GPXTI6.0=GPIO_EXTI6
SH.GPXTI6.ConfNb=1
SH.GPXTI7.0=GPIO_EXTI7
SH.GPXTI7.ConfNb=1
VP_IWDG_VS_IWDG.Mode=IWDG_Activate
VP_IWDG_VS_IWDG.Signal=IWDG_VS_IWDG
VP_TIM10_VS_ClockSourceINT.Mode=Enable_Timer
VP_TIM10_VS_ClockSourceINT.Signal=TIM10_VS_ClockSourceINT
VP_TIM11_VS_ClockSourceINT.Mode=Enable_Timer
VP_TIM11_VS_ClockSourceINT.Signal=TIM11_VS_ClockSourceINT
VP_TIM13_VS_ClockSourceINT.Mode=Enable_Timer
VP_TIM13_VS_ClockSourceINT.Signal=TIM13_VS_ClockSourceINT
VP_TIM14_VS_ClockSourceINT.Mode=Enable_Timer
VP_TIM14_VS_ClockSourceINT.Signal=TIM14_VS_ClockSourceINT
VP_TIM2_VS_ClockSourceINT.Mode=Internal
VP_TIM2_VS_ClockSourceINT.Signal=TIM2_VS_ClockSourceINT
VP_TIM3_VS_ClockSourceINT.Mode=Internal
VP_TIM3_VS_ClockSourceINT.Signal=TIM3_VS_ClockSourceINT
VP_TIM4_VS_ClockSourceINT.Mode=Internal
VP_TIM4_VS_ClockSourceINT.Signal=TIM4_VS_ClockSourceINT
